
Microsoft Visual Studio Solution File, Format Version 12.00
# Visual Studio Version 17
VisualStudioVersion = 17.11.35219.272
MinimumVisualStudioVersion = 10.0.40219.1
Project("{FAE04EC0-301F-11D3-BF4B-00C04F79EFBC}") = "Ticket12", "Ticket12\Ticket12.csproj", "{0B133F7D-831E-4DC8-AD6B-6DFBA7585CF6}"
EndProject
Global
	GlobalSection(SolutionConfigurationPlatforms) = preSolution
		Debug|Any CPU = Debug|Any CPU
		Release|Any CPU = Release|Any CPU
	EndGlobalSection
	GlobalSection(ProjectConfigurationPlatforms) = postSolution
		{0B133F7D-831E-4DC8-AD6B-6DFBA7585CF6}.Debug|Any CPU.ActiveCfg = Debug|Any CPU
		{0B133F7D-831E-4DC8-AD6B-6DFBA7585CF6}.Debug|Any CPU.Build.0 = Debug|Any CPU
		{0B133F7D-831E-4DC8-AD6B-6DFBA7585CF6}.Release|Any CPU.ActiveCfg = Release|Any CPU
		{0B133F7D-831E-4DC8-AD6B-6DFBA7585CF6}.Release|Any CPU.Build.0 = Release|Any CPU
	EndGlobalSection
	GlobalSection(SolutionProperties) = preSolution
		HideSolutionNode = FALSE
	EndGlobalSection
	GlobalSection(ExtensibilityGlobals) = postSolution
		SolutionGuid = {2A15BD5D-2BA8-4251-9007-DDF2608F0D8D}
	EndGlobalSection
EndGlobal
