
Microsoft Visual Studio Solution File, Format Version 12.00
# Visual Studio Version 17
VisualStudioVersion = 17.11.35219.272
MinimumVisualStudioVersion = 10.0.40219.1
Project("{FAE04EC0-301F-11D3-BF4B-00C04F79EFBC}") = "Ticket2", "Ticket2\Ticket2.csproj", "{EE1BB31C-DFAF-4A9C-B38B-8BBD491DD509}"
EndProject
Global
	GlobalSection(SolutionConfigurationPlatforms) = preSolution
		Debug|Any CPU = Debug|Any CPU
		Release|Any CPU = Release|Any CPU
	EndGlobalSection
	GlobalSection(ProjectConfigurationPlatforms) = postSolution
		{EE1BB31C-DFAF-4A9C-B38B-8BBD491DD509}.Debug|Any CPU.ActiveCfg = Debug|Any CPU
		{EE1BB31C-DFAF-4A9C-B38B-8BBD491DD509}.Debug|Any CPU.Build.0 = Debug|Any CPU
		{EE1BB31C-DFAF-4A9C-B38B-8BBD491DD509}.Release|Any CPU.ActiveCfg = Release|Any CPU
		{EE1BB31C-DFAF-4A9C-B38B-8BBD491DD509}.Release|Any CPU.Build.0 = Release|Any CPU
	EndGlobalSection
	GlobalSection(SolutionProperties) = preSolution
		HideSolutionNode = FALSE
	EndGlobalSection
	GlobalSection(ExtensibilityGlobals) = postSolution
		SolutionGuid = {EC43267D-F2FC-4C87-AF9E-AF50D52439CD}
	EndGlobalSection
EndGlobal
