
Microsoft Visual Studio Solution File, Format Version 12.00
# Visual Studio Version 17
VisualStudioVersion = 17.11.35219.272
MinimumVisualStudioVersion = 10.0.40219.1
Project("{FAE04EC0-301F-11D3-BF4B-00C04F79EFBC}") = "Ticket23", "Ticket23\Ticket23.csproj", "{098BA0C4-8CFB-44CB-B8C2-BC2AD6C7B6F3}"
EndProject
Global
	GlobalSection(SolutionConfigurationPlatforms) = preSolution
		Debug|Any CPU = Debug|Any CPU
		Release|Any CPU = Release|Any CPU
	EndGlobalSection
	GlobalSection(ProjectConfigurationPlatforms) = postSolution
		{098BA0C4-8CFB-44CB-B8C2-BC2AD6C7B6F3}.Debug|Any CPU.ActiveCfg = Debug|Any CPU
		{098BA0C4-8CFB-44CB-B8C2-BC2AD6C7B6F3}.Debug|Any CPU.Build.0 = Debug|Any CPU
		{098BA0C4-8CFB-44CB-B8C2-BC2AD6C7B6F3}.Release|Any CPU.ActiveCfg = Release|Any CPU
		{098BA0C4-8CFB-44CB-B8C2-BC2AD6C7B6F3}.Release|Any CPU.Build.0 = Release|Any CPU
	EndGlobalSection
	GlobalSection(SolutionProperties) = preSolution
		HideSolutionNode = FALSE
	EndGlobalSection
	GlobalSection(ExtensibilityGlobals) = postSolution
		SolutionGuid = {750B685B-6481-41CC-8BAC-C1B9323D42DA}
	EndGlobalSection
EndGlobal
