
Microsoft Visual Studio Solution File, Format Version 12.00
# Visual Studio Version 17
VisualStudioVersion = 17.11.35219.272
MinimumVisualStudioVersion = 10.0.40219.1
Project("{FAE04EC0-301F-11D3-BF4B-00C04F79EFBC}") = "Ticket24", "Ticket24\Ticket24.csproj", "{87B48950-FDEB-4E31-8F2C-BF781DB2F5E6}"
EndProject
Global
	GlobalSection(SolutionConfigurationPlatforms) = preSolution
		Debug|Any CPU = Debug|Any CPU
		Release|Any CPU = Release|Any CPU
	EndGlobalSection
	GlobalSection(ProjectConfigurationPlatforms) = postSolution
		{87B48950-FDEB-4E31-8F2C-BF781DB2F5E6}.Debug|Any CPU.ActiveCfg = Debug|Any CPU
		{87B48950-FDEB-4E31-8F2C-BF781DB2F5E6}.Debug|Any CPU.Build.0 = Debug|Any CPU
		{87B48950-FDEB-4E31-8F2C-BF781DB2F5E6}.Release|Any CPU.ActiveCfg = Release|Any CPU
		{87B48950-FDEB-4E31-8F2C-BF781DB2F5E6}.Release|Any CPU.Build.0 = Release|Any CPU
	EndGlobalSection
	GlobalSection(SolutionProperties) = preSolution
		HideSolutionNode = FALSE
	EndGlobalSection
	GlobalSection(ExtensibilityGlobals) = postSolution
		SolutionGuid = {6FE6A97F-CB3D-4F0A-8762-70C213F36799}
	EndGlobalSection
EndGlobal
