
Microsoft Visual Studio Solution File, Format Version 12.00
# Visual Studio Version 17
VisualStudioVersion = 17.11.35219.272
MinimumVisualStudioVersion = 10.0.40219.1
Project("{FAE04EC0-301F-11D3-BF4B-00C04F79EFBC}") = "Ticket20", "Ticket20\Ticket20.csproj", "{91D26F48-6A24-48BA-A99F-4E97C8134178}"
EndProject
Global
	GlobalSection(SolutionConfigurationPlatforms) = preSolution
		Debug|Any CPU = Debug|Any CPU
		Release|Any CPU = Release|Any CPU
	EndGlobalSection
	GlobalSection(ProjectConfigurationPlatforms) = postSolution
		{91D26F48-6A24-48BA-A99F-4E97C8134178}.Debug|Any CPU.ActiveCfg = Debug|Any CPU
		{91D26F48-6A24-48BA-A99F-4E97C8134178}.Debug|Any CPU.Build.0 = Debug|Any CPU
		{91D26F48-6A24-48BA-A99F-4E97C8134178}.Release|Any CPU.ActiveCfg = Release|Any CPU
		{91D26F48-6A24-48BA-A99F-4E97C8134178}.Release|Any CPU.Build.0 = Release|Any CPU
	EndGlobalSection
	GlobalSection(SolutionProperties) = preSolution
		HideSolutionNode = FALSE
	EndGlobalSection
	GlobalSection(ExtensibilityGlobals) = postSolution
		SolutionGuid = {35575C22-C3BD-4C26-A4E2-53B96CDF694F}
	EndGlobalSection
EndGlobal
