
Microsoft Visual Studio Solution File, Format Version 12.00
# Visual Studio Version 17
VisualStudioVersion = 17.11.35219.272
MinimumVisualStudioVersion = 10.0.40219.1
Project("{FAE04EC0-301F-11D3-BF4B-00C04F79EFBC}") = "Ticket13", "Ticket13\Ticket13.csproj", "{9B6C15F6-C54C-4210-B1B1-88B8DE1923D0}"
EndProject
Global
	GlobalSection(SolutionConfigurationPlatforms) = preSolution
		Debug|Any CPU = Debug|Any CPU
		Release|Any CPU = Release|Any CPU
	EndGlobalSection
	GlobalSection(ProjectConfigurationPlatforms) = postSolution
		{9B6C15F6-C54C-4210-B1B1-88B8DE1923D0}.Debug|Any CPU.ActiveCfg = Debug|Any CPU
		{9B6C15F6-C54C-4210-B1B1-88B8DE1923D0}.Debug|Any CPU.Build.0 = Debug|Any CPU
		{9B6C15F6-C54C-4210-B1B1-88B8DE1923D0}.Release|Any CPU.ActiveCfg = Release|Any CPU
		{9B6C15F6-C54C-4210-B1B1-88B8DE1923D0}.Release|Any CPU.Build.0 = Release|Any CPU
	EndGlobalSection
	GlobalSection(SolutionProperties) = preSolution
		HideSolutionNode = FALSE
	EndGlobalSection
	GlobalSection(ExtensibilityGlobals) = postSolution
		SolutionGuid = {BE3FC5FE-175C-46CA-B5ED-91AAB5301C29}
	EndGlobalSection
EndGlobal
