
Microsoft Visual Studio Solution File, Format Version 12.00
# Visual Studio Version 17
VisualStudioVersion = 17.11.35219.272
MinimumVisualStudioVersion = 10.0.40219.1
Project("{FAE04EC0-301F-11D3-BF4B-00C04F79EFBC}") = "Ticket16", "Ticket16\Ticket16.csproj", "{6486449F-A069-4335-AFB1-9D733EC3EC2B}"
EndProject
Global
	GlobalSection(SolutionConfigurationPlatforms) = preSolution
		Debug|Any CPU = Debug|Any CPU
		Release|Any CPU = Release|Any CPU
	EndGlobalSection
	GlobalSection(ProjectConfigurationPlatforms) = postSolution
		{6486449F-A069-4335-AFB1-9D733EC3EC2B}.Debug|Any CPU.ActiveCfg = Debug|Any CPU
		{6486449F-A069-4335-AFB1-9D733EC3EC2B}.Debug|Any CPU.Build.0 = Debug|Any CPU
		{6486449F-A069-4335-AFB1-9D733EC3EC2B}.Release|Any CPU.ActiveCfg = Release|Any CPU
		{6486449F-A069-4335-AFB1-9D733EC3EC2B}.Release|Any CPU.Build.0 = Release|Any CPU
	EndGlobalSection
	GlobalSection(SolutionProperties) = preSolution
		HideSolutionNode = FALSE
	EndGlobalSection
	GlobalSection(ExtensibilityGlobals) = postSolution
		SolutionGuid = {E28134C8-DF31-4D82-BADE-1FF11B9B4E3A}
	EndGlobalSection
EndGlobal
