
Microsoft Visual Studio Solution File, Format Version 12.00
# Visual Studio Version 17
VisualStudioVersion = 17.11.35219.272
MinimumVisualStudioVersion = 10.0.40219.1
Project("{FAE04EC0-301F-11D3-BF4B-00C04F79EFBC}") = "Ticket8", "Ticket8\Ticket8.csproj", "{872C194E-87F1-4AB5-BD93-91627BE9DF0C}"
EndProject
Global
	GlobalSection(SolutionConfigurationPlatforms) = preSolution
		Debug|Any CPU = Debug|Any CPU
		Release|Any CPU = Release|Any CPU
	EndGlobalSection
	GlobalSection(ProjectConfigurationPlatforms) = postSolution
		{872C194E-87F1-4AB5-BD93-91627BE9DF0C}.Debug|Any CPU.ActiveCfg = Debug|Any CPU
		{872C194E-87F1-4AB5-BD93-91627BE9DF0C}.Debug|Any CPU.Build.0 = Debug|Any CPU
		{872C194E-87F1-4AB5-BD93-91627BE9DF0C}.Release|Any CPU.ActiveCfg = Release|Any CPU
		{872C194E-87F1-4AB5-BD93-91627BE9DF0C}.Release|Any CPU.Build.0 = Release|Any CPU
	EndGlobalSection
	GlobalSection(SolutionProperties) = preSolution
		HideSolutionNode = FALSE
	EndGlobalSection
	GlobalSection(ExtensibilityGlobals) = postSolution
		SolutionGuid = {814F12DE-6EEB-43DF-A0CB-D040A0A5F402}
	EndGlobalSection
EndGlobal
