
Microsoft Visual Studio Solution File, Format Version 12.00
# Visual Studio Version 17
VisualStudioVersion = 17.11.35219.272
MinimumVisualStudioVersion = 10.0.40219.1
Project("{FAE04EC0-301F-11D3-BF4B-00C04F79EFBC}") = "Ticket3", "Ticket3\Ticket3.csproj", "{BE8EFEB0-CD42-45A9-BFF7-B48802C82EE4}"
EndProject
Global
	GlobalSection(SolutionConfigurationPlatforms) = preSolution
		Debug|Any CPU = Debug|Any CPU
		Release|Any CPU = Release|Any CPU
	EndGlobalSection
	GlobalSection(ProjectConfigurationPlatforms) = postSolution
		{BE8EFEB0-CD42-45A9-BFF7-B48802C82EE4}.Debug|Any CPU.ActiveCfg = Debug|Any CPU
		{BE8EFEB0-CD42-45A9-BFF7-B48802C82EE4}.Debug|Any CPU.Build.0 = Debug|Any CPU
		{BE8EFEB0-CD42-45A9-BFF7-B48802C82EE4}.Release|Any CPU.ActiveCfg = Release|Any CPU
		{BE8EFEB0-CD42-45A9-BFF7-B48802C82EE4}.Release|Any CPU.Build.0 = Release|Any CPU
	EndGlobalSection
	GlobalSection(SolutionProperties) = preSolution
		HideSolutionNode = FALSE
	EndGlobalSection
	GlobalSection(ExtensibilityGlobals) = postSolution
		SolutionGuid = {238A01FD-7568-4486-8343-471D66EC008A}
	EndGlobalSection
EndGlobal
